{
  "name": "vit-claude",
  "version": "1.10.1",
  "lockfileVersion": 3,
  "requires": true,
  "packages": {
    "": {
      "name": "vit-claude",
      "version": "1.10.1",
      "license": "MIT",
      "bin": {
        "vit-claude": "bin/vit-cc.js"
      },
      "engines": {
        "node": ">=18"
      }
    }
  }
}
